# This file is automatically @generated by Cargo.
# It is not intended for manual editing.
version = 3

[[package]]
name = "patternscan"
version = "1.2.0"
source = "registry+https://github.com/rust-lang/crates.io-index"
checksum = "cbf9ac94ae7c3d7f743ec57e0b6b05077631c1a90c6cea9b162a69efa6d6bbde"

[[package]]
name = "studio_patcher"
version = "0.1.0"
dependencies = [
 "patternscan",
]
